// !$*UTF8*$!
{
	archiveVersion = 1;
	classes = {
	};
	objectVersion = 46;
	objects = {

/* Begin PBXBuildFile section */
		E31EF3411E983B13003340B5 /* AppDelegate.swift in Sources */ = {isa = PBXBuildFile; fileRef = E31EF3401E983B13003340B5 /* AppDelegate.swift */; };
		E31EF3431E983B13003340B5 /* ViewController.swift in Sources */ = {isa = PBXBuildFile; fileRef = E31EF3421E983B13003340B5 /* ViewController.swift */; };
		E31EF3461E983B13003340B5 /* Main.storyboard in Resources */ = {isa = PBXBuildFile; fileRef = E31EF3441E983B13003340B5 /* Main.storyboard */; };
		E31EF3481E983B13003340B5 /* Assets.xcassets in Resources */ = {isa = PBXBuildFile; fileRef = E31EF3471E983B13003340B5 /* Assets.xcassets */; };
		E31EF34B1E983B13003340B5 /* LaunchScreen.storyboard in Resources */ = {isa = PBXBuildFile; fileRef = E31EF3491E983B13003340B5 /* LaunchScreen.storyboard */; };
		E31EF3561E983B13003340B5 /* HomepwnerTests.swift in Sources */ = {isa = PBXBuildFile; fileRef = E31EF3551E983B13003340B5 /* HomepwnerTests.swift */; };
		E31EF3611E983B13003340B5 /* HomepwnerUITests.swift in Sources */ = {isa = PBXBuildFile; fileRef = E31EF3601E983B13003340B5 /* HomepwnerUITests.swift */; };
		E31EF36F1E983D35003340B5 /* ItemsViewController.swift in Sources */ = {isa = PBXBuildFile; fileRef = E31EF36E1E983D35003340B5 /* ItemsViewController.swift */; };
		E31EF3711E983EE3003340B5 /* Item.swift in Sources */ = {isa = PBXBuildFile; fileRef = E31EF3701E983EE3003340B5 /* Item.swift */; };
		E31EF3731E99F6E4003340B5 /* ItemStore.swift in Sources */ = {isa = PBXBuildFile; fileRef = E31EF3721E99F6E4003340B5 /* ItemStore.swift */; };
		E31EF3751E9EADB4003340B5 /* ItemCell.swift in Sources */ = {isa = PBXBuildFile; fileRef = E31EF3741E9EADB4003340B5 /* ItemCell.swift */; };
		E3E17C531EA1D3F400F513B2 /* DetailViewController.swift in Sources */ = {isa = PBXBuildFile; fileRef = E3E17C521EA1D3F400F513B2 /* DetailViewController.swift */; };
		E3E17C551EA7063100F513B2 /* ImageStore.swift in Sources */ = {isa = PBXBuildFile; fileRef = E3E17C541EA7063100F513B2 /* ImageStore.swift */; };
/* End PBXBuildFile section */

/* Begin PBXContainerItemProxy section */
		E31EF3521E983B13003340B5 /* PBXContainerItemProxy */ = {
			isa = PBXContainerItemProxy;
			containerPortal = E31EF3351E983B13003340B5 /* Project object */;
			proxyType = 1;
			remoteGlobalIDString = E31EF33C1E983B13003340B5;
			remoteInfo = Homepwner;
		};
		E31EF35D1E983B13003340B5 /* PBXContainerItemProxy */ = {
			isa = PBXContainerItemProxy;
			containerPortal = E31EF3351E983B13003340B5 /* Project object */;
			proxyType = 1;
			remoteGlobalIDString = E31EF33C1E983B13003340B5;
			remoteInfo = Homepwner;
		};
/* End PBXContainerItemProxy section */

/* Begin PBXFileReference section */
		E31EF33D1E983B13003340B5 /* Homepwner.app */ = {isa = PBXFileReference; explicitFileType = wrapper.application; includeInIndex = 0; path = Homepwner.app; sourceTree = BUILT_PRODUCTS_DIR; };
		E31EF3401E983B13003340B5 /* AppDelegate.swift */ = {isa = PBXFileReference; lastKnownFileType = sourcecode.swift; path = AppDelegate.swift; sourceTree = "<group>"; };
		E31EF3421E983B13003340B5 /* ViewController.swift */ = {isa = PBXFileReference; lastKnownFileType = sourcecode.swift; path = ViewController.swift; sourceTree = "<group>"; };
		E31EF3451E983B13003340B5 /* Base */ = {isa = PBXFileReference; lastKnownFileType = file.storyboard; name = Base; path = Base.lproj/Main.storyboard; sourceTree = "<group>"; };
		E31EF3471E983B13003340B5 /* Assets.xcassets */ = {isa = PBXFileReference; lastKnownFileType = folder.assetcatalog; path = Assets.xcassets; sourceTree = "<group>"; };
		E31EF34A1E983B13003340B5 /* Base */ = {isa = PBXFileReference; lastKnownFileType = file.storyboard; name = Base; path = Base.lproj/LaunchScreen.storyboard; sourceTree = "<group>"; };
		E31EF34C1E983B13003340B5 /* Info.plist */ = {isa = PBXFileReference; lastKnownFileType = text.plist.xml; path = Info.plist; sourceTree = "<group>"; };
		E31EF3511E983B13003340B5 /* HomepwnerTests.xctest */ = {isa = PBXFileReference; explicitFileType = wrapper.cfbundle; includeInIndex = 0; path = HomepwnerTests.xctest; sourceTree = BUILT_PRODUCTS_DIR; };
		E31EF3551E983B13003340B5 /* HomepwnerTests.swift */ = {isa = PBXFileReference; lastKnownFileType = sourcecode.swift; path = HomepwnerTests.swift; sourceTree = "<group>"; };
		E31EF3571E983B13003340B5 /* Info.plist */ = {isa = PBXFileReference; lastKnownFileType = text.plist.xml; path = Info.plist; sourceTree = "<group>"; };
		E31EF35C1E983B13003340B5 /* HomepwnerUITests.xctest */ = {isa = PBXFileReference; explicitFileType = wrapper.cfbundle; includeInIndex = 0; path = HomepwnerUITests.xctest; sourceTree = BUILT_PRODUCTS_DIR; };
		E31EF3601E983B13003340B5 /* HomepwnerUITests.swift */ = {isa = PBXFileReference; lastKnownFileType = sourcecode.swift; path = HomepwnerUITests.swift; sourceTree = "<group>"; };
		E31EF3621E983B13003340B5 /* Info.plist */ = {isa = PBXFileReference; lastKnownFileType = text.plist.xml; path = Info.plist; sourceTree = "<group>"; };
		E31EF36E1E983D35003340B5 /* ItemsViewController.swift */ = {isa = PBXFileReference; fileEncoding = 4; lastKnownFileType = sourcecode.swift; path = ItemsViewController.swift; sourceTree = "<group>"; };
		E31EF3701E983EE3003340B5 /* Item.swift */ = {isa = PBXFileReference; fileEncoding = 4; lastKnownFileType = sourcecode.swift; path = Item.swift; sourceTree = "<group>"; };
		E31EF3721E99F6E4003340B5 /* ItemStore.swift */ = {isa = PBXFileReference; fileEncoding = 4; lastKnownFileType = sourcecode.swift; path = ItemStore.swift; sourceTree = "<group>"; };
		E31EF3741E9EADB4003340B5 /* ItemCell.swift */ = {isa = PBXFileReference; fileEncoding = 4; lastKnownFileType = sourcecode.swift; path = ItemCell.swift; sourceTree = "<group>"; };
		E3E17C521EA1D3F400F513B2 /* DetailViewController.swift */ = {isa = PBXFileReference; fileEncoding = 4; lastKnownFileType = sourcecode.swift; path = DetailViewController.swift; sourceTree = "<group>"; };
		E3E17C541EA7063100F513B2 /* ImageStore.swift */ = {isa = PBXFileReference; fileEncoding = 4; lastKnownFileType = sourcecode.swift; path = ImageStore.swift; sourceTree = "<group>"; };
/* End PBXFileReference section */

/* Begin PBXFrameworksBuildPhase section */
		E31EF33A1E983B13003340B5 /* Frameworks */ = {
			isa = PBXFrameworksBuildPhase;
			buildActionMask = 2147483647;
			files = (
			);
			runOnlyForDeploymentPostprocessing = 0;
		};
		E31EF34E1E983B13003340B5 /* Frameworks */ = {
			isa = PBXFrameworksBuildPhase;
			buildActionMask = 2147483647;
			files = (
			);
			runOnlyForDeploymentPostprocessing = 0;
		};
		E31EF3591E983B13003340B5 /* Frameworks */ = {
			isa = PBXFrameworksBuildPhase;
			buildActionMask = 2147483647;
			files = (
			);
			runOnlyForDeploymentPostprocessing = 0;
		};
/* End PBXFrameworksBuildPhase section */

/* Begin PBXGroup section */
		E31EF3341E983B13003340B5 = {
			isa = PBXGroup;
			children = (
				E31EF33F1E983B13003340B5 /* Homepwner */,
				E31EF3541E983B13003340B5 /* HomepwnerTests */,
				E31EF35F1E983B13003340B5 /* HomepwnerUITests */,
				E31EF33E1E983B13003340B5 /* Products */,
			);
			sourceTree = "<group>";
		};
		E31EF33E1E983B13003340B5 /* Products */ = {
			isa = PBXGroup;
			children = (
				E31EF33D1E983B13003340B5 /* Homepwner.app */,
				E31EF3511E983B13003340B5 /* HomepwnerTests.xctest */,
				E31EF35C1E983B13003340B5 /* HomepwnerUITests.xctest */,
			);
			name = Products;
			sourceTree = "<group>";
		};
		E31EF33F1E983B13003340B5 /* Homepwner */ = {
			isa = PBXGroup;
			children = (
				E31EF3401E983B13003340B5 /* AppDelegate.swift */,
				E31EF3421E983B13003340B5 /* ViewController.swift */,
				E31EF36E1E983D35003340B5 /* ItemsViewController.swift */,
				E3E17C521EA1D3F400F513B2 /* DetailViewController.swift */,
				E31EF3741E9EADB4003340B5 /* ItemCell.swift */,
				E31EF3721E99F6E4003340B5 /* ItemStore.swift */,
				E3E17C541EA7063100F513B2 /* ImageStore.swift */,
				E31EF3701E983EE3003340B5 /* Item.swift */,
				E31EF3441E983B13003340B5 /* Main.storyboard */,
				E31EF3471E983B13003340B5 /* Assets.xcassets */,
				E31EF3491E983B13003340B5 /* LaunchScreen.storyboard */,
				E31EF34C1E983B13003340B5 /* Info.plist */,
			);
			path = Homepwner;
			sourceTree = "<group>";
		};
		E31EF3541E983B13003340B5 /* HomepwnerTests */ = {
			isa = PBXGroup;
			children = (
				E31EF3551E983B13003340B5 /* HomepwnerTests.swift */,
				E31EF3571E983B13003340B5 /* Info.plist */,
			);
			path = HomepwnerTests;
			sourceTree = "<group>";
		};
		E31EF35F1E983B13003340B5 /* HomepwnerUITests */ = {
			isa = PBXGroup;
			children = (
				E31EF3601E983B13003340B5 /* HomepwnerUITests.swift */,
				E31EF3621E983B13003340B5 /* Info.plist */,
			);
			path = HomepwnerUITests;
			sourceTree = "<group>";
		};
/* End PBXGroup section */

/* Begin PBXNativeTarget section */
		E31EF33C1E983B13003340B5 /* Homepwner */ = {
			isa = PBXNativeTarget;
			buildConfigurationList = E31EF3651E983B13003340B5 /* Build configuration list for PBXNativeTarget "Homepwner" */;
			buildPhases = (
				E31EF3391E983B13003340B5 /* Sources */,
				E31EF33A1E983B13003340B5 /* Frameworks */,
				E31EF33B1E983B13003340B5 /* Resources */,
			);
			buildRules = (
			);
			dependencies = (
			);
			name = Homepwner;
			productName = Homepwner;
			productReference = E31EF33D1E983B13003340B5 /* Homepwner.app */;
			productType = "com.apple.product-type.application";
		};
		E31EF3501E983B13003340B5 /* HomepwnerTests */ = {
			isa = PBXNativeTarget;
			buildConfigurationList = E31EF3681E983B13003340B5 /* Build configuration list for PBXNativeTarget "HomepwnerTests" */;
			buildPhases = (
				E31EF34D1E983B13003340B5 /* Sources */,
				E31EF34E1E983B13003340B5 /* Frameworks */,
				E31EF34F1E983B13003340B5 /* Resources */,
			);
			buildRules = (
			);
			dependencies = (
				E31EF3531E983B13003340B5 /* PBXTargetDependency */,
			);
			name = HomepwnerTests;
			productName = HomepwnerTests;
			productReference = E31EF3511E983B13003340B5 /* HomepwnerTests.xctest */;
			productType = "com.apple.product-type.bundle.unit-test";
		};
		E31EF35B1E983B13003340B5 /* HomepwnerUITests */ = {
			isa = PBXNativeTarget;
			buildConfigurationList = E31EF36B1E983B13003340B5 /* Build configuration list for PBXNativeTarget "HomepwnerUITests" */;
			buildPhases = (
				E31EF3581E983B13003340B5 /* Sources */,
				E31EF3591E983B13003340B5 /* Frameworks */,
				E31EF35A1E983B13003340B5 /* Resources */,
			);
			buildRules = (
			);
			dependencies = (
				E31EF35E1E983B13003340B5 /* PBXTargetDependency */,
			);
			name = HomepwnerUITests;
			productName = HomepwnerUITests;
			productReference = E31EF35C1E983B13003340B5 /* HomepwnerUITests.xctest */;
			productType = "com.apple.product-type.bundle.ui-testing";
		};
/* End PBXNativeTarget section */

/* Begin PBXProject section */
		E31EF3351E983B13003340B5 /* Project object */ = {
			isa = PBXProject;
			attributes = {
				LastSwiftUpdateCheck = 0820;
				LastUpgradeCheck = 0820;
				ORGANIZATIONNAME = "Francois Technology";
				TargetAttributes = {
					E31EF33C1E983B13003340B5 = {
						CreatedOnToolsVersion = 8.2.1;
						DevelopmentTeam = D4T692RC82;
						ProvisioningStyle = Automatic;
					};
					E31EF3501E983B13003340B5 = {
						CreatedOnToolsVersion = 8.2.1;
						DevelopmentTeam = D4T692RC82;
						ProvisioningStyle = Automatic;
						TestTargetID = E31EF33C1E983B13003340B5;
					};
					E31EF35B1E983B13003340B5 = {
						CreatedOnToolsVersion = 8.2.1;
						DevelopmentTeam = D4T692RC82;
						ProvisioningStyle = Automatic;
						TestTargetID = E31EF33C1E983B13003340B5;
					};
				};
			};
			buildConfigurationList = E31EF3381E983B13003340B5 /* Build configuration list for PBXProject "Homepwner" */;
			compatibilityVersion = "Xcode 3.2";
			developmentRegion = English;
			hasScannedForEncodings = 0;
			knownRegions = (
				en,
				Base,
			);
			mainGroup = E31EF3341E983B13003340B5;
			productRefGroup = E31EF33E1E983B13003340B5 /* Products */;
			projectDirPath = "";
			projectRoot = "";
			targets = (
				E31EF33C1E983B13003340B5 /* Homepwner */,
				E31EF3501E983B13003340B5 /* HomepwnerTests */,
				E31EF35B1E983B13003340B5 /* HomepwnerUITests */,
			);
		};
/* End PBXProject section */

/* Begin PBXResourcesBuildPhase section */
		E31EF33B1E983B13003340B5 /* Resources */ = {
			isa = PBXResourcesBuildPhase;
			buildActionMask = 2147483647;
			files = (
				E31EF34B1E983B13003340B5 /* LaunchScreen.storyboard in Resources */,
				E31EF3481E983B13003340B5 /* Assets.xcassets in Resources */,
				E31EF3461E983B13003340B5 /* Main.storyboard in Resources */,
			);
			runOnlyForDeploymentPostprocessing = 0;
		};
		E31EF34F1E983B13003340B5 /* Resources */ = {
			isa = PBXResourcesBuildPhase;
			buildActionMask = 2147483647;
			files = (
			);
			runOnlyForDeploymentPostprocessing = 0;
		};
		E31EF35A1E983B13003340B5 /* Resources */ = {
			isa = PBXResourcesBuildPhase;
			buildActionMask = 2147483647;
			files = (
			);
			runOnlyForDeploymentPostprocessing = 0;
		};
/* End PBXResourcesBuildPhase section */

/* Begin PBXSourcesBuildPhase section */
		E31EF3391E983B13003340B5 /* Sources */ = {
			isa = PBXSourcesBuildPhase;
			buildActionMask = 2147483647;
			files = (
				E31EF3711E983EE3003340B5 /* Item.swift in Sources */,
				E31EF3431E983B13003340B5 /* ViewController.swift in Sources */,
				E31EF3751E9EADB4003340B5 /* ItemCell.swift in Sources */,
				E3E17C551EA7063100F513B2 /* ImageStore.swift in Sources */,
				E31EF36F1E983D35003340B5 /* ItemsViewController.swift in Sources */,
				E31EF3731E99F6E4003340B5 /* ItemStore.swift in Sources */,
				E31EF3411E983B13003340B5 /* AppDelegate.swift in Sources */,
				E3E17C531EA1D3F400F513B2 /* DetailViewController.swift in Sources */,
			);
			runOnlyForDeploymentPostprocessing = 0;
		};
		E31EF34D1E983B13003340B5 /* Sources */ = {
			isa = PBXSourcesBuildPhase;
			buildActionMask = 2147483647;
			files = (
				E31EF3561E983B13003340B5 /* HomepwnerTests.swift in Sources */,
			);
			runOnlyForDeploymentPostprocessing = 0;
		};
		E31EF3581E983B13003340B5 /* Sources */ = {
			isa = PBXSourcesBuildPhase;
			buildActionMask = 2147483647;
			files = (
				E31EF3611E983B13003340B5 /* HomepwnerUITests.swift in Sources */,
			);
			runOnlyForDeploymentPostprocessing = 0;
		};
/* End PBXSourcesBuildPhase section */

/* Begin PBXTargetDependency section */
		E31EF3531E983B13003340B5 /* PBXTargetDependency */ = {
			isa = PBXTargetDependency;
			target = E31EF33C1E983B13003340B5 /* Homepwner */;
			targetProxy = E31EF3521E983B13003340B5 /* PBXContainerItemProxy */;
		};
		E31EF35E1E983B13003340B5 /* PBXTargetDependency */ = {
			isa = PBXTargetDependency;
			target = E31EF33C1E983B13003340B5 /* Homepwner */;
			targetProxy = E31EF35D1E983B13003340B5 /* PBXContainerItemProxy */;
		};
/* End PBXTargetDependency section */

/* Begin PBXVariantGroup section */
		E31EF3441E983B13003340B5 /* Main.storyboard */ = {
			isa = PBXVariantGroup;
			children = (
				E31EF3451E983B13003340B5 /* Base */,
			);
			name = Main.storyboard;
			sourceTree = "<group>";
		};
		E31EF3491E983B13003340B5 /* LaunchScreen.storyboard */ = {
			isa = PBXVariantGroup;
			children = (
				E31EF34A1E983B13003340B5 /* Base */,
			);
			name = LaunchScreen.storyboard;
			sourceTree = "<group>";
		};
/* End PBXVariantGroup section */

/* Begin XCBuildConfiguration section */
		E31EF3631E983B13003340B5 /* Debug */ = {
			isa = XCBuildConfiguration;
			buildSettings = {
				ALWAYS_SEARCH_USER_PATHS = NO;
				CLANG_ANALYZER_NONNULL = YES;
				CLANG_CXX_LANGUAGE_STANDARD = "gnu++0x";
				CLANG_CXX_LIBRARY = "libc++";
				CLANG_ENABLE_MODULES = YES;
				CLANG_ENABLE_OBJC_ARC = YES;
				CLANG_WARN_BOOL_CONVERSION = YES;
				CLANG_WARN_CONSTANT_CONVERSION = YES;
				CLANG_WARN_DIRECT_OBJC_ISA_USAGE = YES_ERROR;
				CLANG_WARN_DOCUMENTATION_COMMENTS = YES;
				CLANG_WARN_EMPTY_BODY = YES;
				CLANG_WARN_ENUM_CONVERSION = YES;
				CLANG_WARN_INFINITE_RECURSION = YES;
				CLANG_WARN_INT_CONVERSION = YES;
				CLANG_WARN_OBJC_ROOT_CLASS = YES_ERROR;
				CLANG_WARN_SUSPICIOUS_MOVE = YES;
				CLANG_WARN_UNREACHABLE_CODE = YES;
				CLANG_WARN__DUPLICATE_METHOD_MATCH = YES;
				"CODE_SIGN_IDENTITY[sdk=iphoneos*]" = "iPhone Developer";
				COPY_PHASE_STRIP = NO;
				DEBUG_INFORMATION_FORMAT = dwarf;
				ENABLE_STRICT_OBJC_MSGSEND = YES;
				ENABLE_TESTABILITY = YES;
				GCC_C_LANGUAGE_STANDARD = gnu99;
				GCC_DYNAMIC_NO_PIC = NO;
				GCC_NO_COMMON_BLOCKS = YES;
				GCC_OPTIMIZATION_LEVEL = 0;
				GCC_PREPROCESSOR_DEFINITIONS = (
					"DEBUG=1",
					"$(inherited)",
				);
				GCC_WARN_64_TO_32_BIT_CONVERSION = YES;
				GCC_WARN_ABOUT_RETURN_TYPE = YES_ERROR;
				GCC_WARN_UNDECLARED_SELECTOR = YES;
				GCC_WARN_UNINITIALIZED_AUTOS = YES_AGGRESSIVE;
				GCC_WARN_UNUSED_FUNCTION = YES;
				GCC_WARN_UNUSED_VARIABLE = YES;
				IPHONEOS_DEPLOYMENT_TARGET = 10.2;
				MTL_ENABLE_DEBUG_INFO = YES;
				ONLY_ACTIVE_ARCH = YES;
				SDKROOT = iphoneos;
				SWIFT_ACTIVE_COMPILATION_CONDITIONS = DEBUG;
				SWIFT_OPTIMIZATION_LEVEL = "-Onone";
			};
			name = Debug;
		};
		E31EF3641E983B13003340B5 /* Release */ = {
			isa = XCBuildConfiguration;
			buildSettings = {
				ALWAYS_SEARCH_USER_PATHS = NO;
				CLANG_ANALYZER_NONNULL = YES;
				CLANG_CXX_LANGUAGE_STANDARD = "gnu++0x";
				CLANG_CXX_LIBRARY = "libc++";
				CLANG_ENABLE_MODULES = YES;
				CLANG_ENABLE_OBJC_ARC = YES;
				CLANG_WARN_BOOL_CONVERSION = YES;
				CLANG_WARN_CONSTANT_CONVERSION = YES;
				CLANG_WARN_DIRECT_OBJC_ISA_USAGE = YES_ERROR;
				CLANG_WARN_DOCUMENTATION_COMMENTS = YES;
				CLANG_WARN_EMPTY_BODY = YES;
				CLANG_WARN_ENUM_CONVERSION = YES;
				CLANG_WARN_INFINITE_RECURSION = YES;
				CLANG_WARN_INT_CONVERSION = YES;
				CLANG_WARN_OBJC_ROOT_CLASS = YES_ERROR;
				CLANG_WARN_SUSPICIOUS_MOVE = YES;
				CLANG_WARN_UNREACHABLE_CODE = YES;
				CLANG_WARN__DUPLICATE_METHOD_MATCH = YES;
				"CODE_SIGN_IDENTITY[sdk=iphoneos*]" = "iPhone Developer";
				COPY_PHASE_STRIP = NO;
				DEBUG_INFORMATION_FORMAT = "dwarf-with-dsym";
				ENABLE_NS_ASSERTIONS = NO;
				ENABLE_STRICT_OBJC_MSGSEND = YES;
				GCC_C_LANGUAGE_STANDARD = gnu99;
				GCC_NO_COMMON_BLOCKS = YES;
				GCC_WARN_64_TO_32_BIT_CONVERSION = YES;
				GCC_WARN_ABOUT_RETURN_TYPE = YES_ERROR;
				GCC_WARN_UNDECLARED_SELECTOR = YES;
				GCC_WARN_UNINITIALIZED_AUTOS = YES_AGGRESSIVE;
				GCC_WARN_UNUSED_FUNCTION = YES;
				GCC_WARN_UNUSED_VARIABLE = YES;
				IPHONEOS_DEPLOYMENT_TARGET = 10.2;
				MTL_ENABLE_DEBUG_INFO = NO;
				SDKROOT = iphoneos;
				SWIFT_OPTIMIZATION_LEVEL = "-Owholemodule";
				VALIDATE_PRODUCT = YES;
			};
			name = Release;
		};
		E31EF3661E983B13003340B5 /* Debug */ = {
			isa = XCBuildConfiguration;
			buildSettings = {
				ASSETCATALOG_COMPILER_APPICON_NAME = AppIcon;
				DEVELOPMENT_TEAM = D4T692RC82;
				INFOPLIST_FILE = Homepwner/Info.plist;
				LD_RUNPATH_SEARCH_PATHS = "$(inherited) @executable_path/Frameworks";
				PRODUCT_BUNDLE_IDENTIFIER = com.codero.Homepwner;
				PRODUCT_NAME = "$(TARGET_NAME)";
				SWIFT_VERSION = 3.0;
			};
			name = Debug;
		};
		E31EF3671E983B13003340B5 /* Release */ = {
			isa = XCBuildConfiguration;
			buildSettings = {
				ASSETCATALOG_COMPILER_APPICON_NAME = AppIcon;
				DEVELOPMENT_TEAM = D4T692RC82;
				INFOPLIST_FILE = Homepwner/Info.plist;
				LD_RUNPATH_SEARCH_PATHS = "$(inherited) @executable_path/Frameworks";
				PRODUCT_BUNDLE_IDENTIFIER = com.codero.Homepwner;
				PRODUCT_NAME = "$(TARGET_NAME)";
				SWIFT_VERSION = 3.0;
			};
			name = Release;
		};
		E31EF3691E983B13003340B5 /* Debug */ = {
			isa = XCBuildConfiguration;
			buildSettings = {
				ALWAYS_EMBED_SWIFT_STANDARD_LIBRARIES = YES;
				BUNDLE_LOADER = "$(TEST_HOST)";
				DEVELOPMENT_TEAM = D4T692RC82;
				INFOPLIST_FILE = HomepwnerTests/Info.plist;
				LD_RUNPATH_SEARCH_PATHS = "$(inherited) @executable_path/Frameworks @loader_path/Frameworks";
				PRODUCT_BUNDLE_IDENTIFIER = com.codero.HomepwnerTests;
				PRODUCT_NAME = "$(TARGET_NAME)";
				SWIFT_VERSION = 3.0;
				TEST_HOST = "$(BUILT_PRODUCTS_DIR)/Homepwner.app/Homepwner";
			};
			name = Debug;
		};
		E31EF36A1E983B13003340B5 /* Release */ = {
			isa = XCBuildConfiguration;
			buildSettings = {
				ALWAYS_EMBED_SWIFT_STANDARD_LIBRARIES = YES;
				BUNDLE_LOADER = "$(TEST_HOST)";
				DEVELOPMENT_TEAM = D4T692RC82;
				INFOPLIST_FILE = HomepwnerTests/Info.plist;
				LD_RUNPATH_SEARCH_PATHS = "$(inherited) @executable_path/Frameworks @loader_path/Frameworks";
				PRODUCT_BUNDLE_IDENTIFIER = com.codero.HomepwnerTests;
				PRODUCT_NAME = "$(TARGET_NAME)";
				SWIFT_VERSION = 3.0;
				TEST_HOST = "$(BUILT_PRODUCTS_DIR)/Homepwner.app/Homepwner";
			};
			name = Release;
		};
		E31EF36C1E983B13003340B5 /* Debug */ = {
			isa = XCBuildConfiguration;
			buildSettings = {
				ALWAYS_EMBED_SWIFT_STANDARD_LIBRARIES = YES;
				DEVELOPMENT_TEAM = D4T692RC82;
				INFOPLIST_FILE = HomepwnerUITests/Info.plist;
				LD_RUNPATH_SEARCH_PATHS = "$(inherited) @executable_path/Frameworks @loader_path/Frameworks";
				PRODUCT_BUNDLE_IDENTIFIER = com.codero.HomepwnerUITests;
				PRODUCT_NAME = "$(TARGET_NAME)";
				SWIFT_VERSION = 3.0;
				TEST_TARGET_NAME = Homepwner;
			};
			name = Debug;
		};
		E31EF36D1E983B13003340B5 /* Release */ = {
			isa = XCBuildConfiguration;
			buildSettings = {
				ALWAYS_EMBED_SWIFT_STANDARD_LIBRARIES = YES;
				DEVELOPMENT_TEAM = D4T692RC82;
				INFOPLIST_FILE = HomepwnerUITests/Info.plist;
				LD_RUNPATH_SEARCH_PATHS = "$(inherited) @executable_path/Frameworks @loader_path/Frameworks";
				PRODUCT_BUNDLE_IDENTIFIER = com.codero.HomepwnerUITests;
				PRODUCT_NAME = "$(TARGET_NAME)";
				SWIFT_VERSION = 3.0;
				TEST_TARGET_NAME = Homepwner;
			};
			name = Release;
		};
/* End XCBuildConfiguration section */

/* Begin XCConfigurationList section */
		E31EF3381E983B13003340B5 /* Build configuration list for PBXProject "Homepwner" */ = {
			isa = XCConfigurationList;
			buildConfigurations = (
				E31EF3631E983B13003340B5 /* Debug */,
				E31EF3641E983B13003340B5 /* Release */,
			);
			defaultConfigurationIsVisible = 0;
			defaultConfigurationName = Release;
		};
		E31EF3651E983B13003340B5 /* Build configuration list for PBXNativeTarget "Homepwner" */ = {
			isa = XCConfigurationList;
			buildConfigurations = (
				E31EF3661E983B13003340B5 /* Debug */,
				E31EF3671E983B13003340B5 /* Release */,
			);
			defaultConfigurationIsVisible = 0;
			defaultConfigurationName = Release;
		};
		E31EF3681E983B13003340B5 /* Build configuration list for PBXNativeTarget "HomepwnerTests" */ = {
			isa = XCConfigurationList;
			buildConfigurations = (
				E31EF3691E983B13003340B5 /* Debug */,
				E31EF36A1E983B13003340B5 /* Release */,
			);
			defaultConfigurationIsVisible = 0;
			defaultConfigurationName = Release;
		};
		E31EF36B1E983B13003340B5 /* Build configuration list for PBXNativeTarget "HomepwnerUITests" */ = {
			isa = XCConfigurationList;
			buildConfigurations = (
				E31EF36C1E983B13003340B5 /* Debug */,
				E31EF36D1E983B13003340B5 /* Release */,
			);
			defaultConfigurationIsVisible = 0;
			defaultConfigurationName = Release;
		};
/* End XCConfigurationList section */
	};
	rootObject = E31EF3351E983B13003340B5 /* Project object */;
}
